// !$*UTF8*$!
{
	archiveVersion = 1;
	classes = {
	};
	objectVersion = 55;
	objects = {

/* Begin PBXBuildFile section */
		9BFE4FC428266A4A000DFA1B /* AppDelegate.m in Sources */ = {isa = PBXBuildFile; fileRef = 9BFE4FC328266A4A000DFA1B /* AppDelegate.m */; };
		9BFE4FCA28266A4A000DFA1B /* ViewController.m in Sources */ = {isa = PBXBuildFile; fileRef = 9BFE4FC928266A4A000DFA1B /* ViewController.m */; };
		9BFE4FCD28266A4A000DFA1B /* Main.storyboard in Resources */ = {isa = PBXBuildFile; fileRef = 9BFE4FCB28266A4A000DFA1B /* Main.storyboard */; };
		9BFE4FCF28266A4C000DFA1B /* Assets.xcassets in Resources */ = {isa = PBXBuildFile; fileRef = 9BFE4FCE28266A4C000DFA1B /* Assets.xcassets */; };
		9BFE4FD228266A4C000DFA1B /* LaunchScreen.storyboard in Resources */ = {isa = PBXBuildFile; fileRef = 9BFE4FD028266A4C000DFA1B /* LaunchScreen.storyboard */; };
		9BFE4FD528266A4C000DFA1B /* main.m in Sources */ = {isa = PBXBuildFile; fileRef = 9BFE4FD428266A4C000DFA1B /* main.m */; };
		9BFE4FDF28266A4D000DFA1B /* LYSDKDemoTests.m in Sources */ = {isa = PBXBuildFile; fileRef = 9BFE4FDE28266A4D000DFA1B /* LYSDKDemoTests.m */; };
		9BFE4FE928266A4D000DFA1B /* LYSDKDemoUITests.m in Sources */ = {isa = PBXBuildFile; fileRef = 9BFE4FE828266A4D000DFA1B /* LYSDKDemoUITests.m */; };
		9BFE4FEB28266A4D000DFA1B /* LYSDKDemoUITestsLaunchTests.m in Sources */ = {isa = PBXBuildFile; fileRef = 9BFE4FEA28266A4D000DFA1B /* LYSDKDemoUITestsLaunchTests.m */; };
		9BFE509E28266DD5000DFA1B /* LYFunctionSDK.framework in Frameworks */ = {isa = PBXBuildFile; fileRef = 9BFE507728266C76000DFA1B /* LYFunctionSDK.framework */; platformFilter = ios; };
		9BFE50A028266DD5000DFA1B /* LYMoreFunctionSDK.framework in Frameworks */ = {isa = PBXBuildFile; fileRef = 9BFE507D28266C76000DFA1B /* LYMoreFunctionSDK.framework */; platformFilter = ios; };
/* End PBXBuildFile section */

/* Begin PBXContainerItemProxy section */
		9BFE4FDB28266A4D000DFA1B /* PBXContainerItemProxy */ = {
			isa = PBXContainerItemProxy;
			containerPortal = 9BFE4FB728266A4A000DFA1B /* Project object */;
			proxyType = 1;
			remoteGlobalIDString = 9BFE4FBE28266A4A000DFA1B;
			remoteInfo = LYSDKDemo;
		};
		9BFE4FE528266A4D000DFA1B /* PBXContainerItemProxy */ = {
			isa = PBXContainerItemProxy;
			containerPortal = 9BFE4FB728266A4A000DFA1B /* Project object */;
			proxyType = 1;
			remoteGlobalIDString = 9BFE4FBE28266A4A000DFA1B;
			remoteInfo = LYSDKDemo;
		};
		9BFE507628266C76000DFA1B /* PBXContainerItemProxy */ = {
			isa = PBXContainerItemProxy;
			containerPortal = 9BFE507228266C76000DFA1B /* LYFunctionSDK.xcodeproj */;
			proxyType = 2;
			remoteGlobalIDString = 9BFE505428266C57000DFA1B;
			remoteInfo = LYFunctionSDK;
		};
		9BFE507C28266C76000DFA1B /* PBXContainerItemProxy */ = {
			isa = PBXContainerItemProxy;
			containerPortal = 9BFE507828266C76000DFA1B /* LYMoreFunctionSDK.xcodeproj */;
			proxyType = 2;
			remoteGlobalIDString = 9BFE506828266C64000DFA1B;
			remoteInfo = LYMoreFunctionSDK;
		};
/* End PBXContainerItemProxy section */

/* Begin PBXFileReference section */
		9BFE4FBF28266A4A000DFA1B /* LYSDKDemo.app */ = {isa = PBXFileReference; explicitFileType = wrapper.application; includeInIndex = 0; path = LYSDKDemo.app; sourceTree = BUILT_PRODUCTS_DIR; };
		9BFE4FC228266A4A000DFA1B /* AppDelegate.h */ = {isa = PBXFileReference; lastKnownFileType = sourcecode.c.h; path = AppDelegate.h; sourceTree = "<group>"; };
		9BFE4FC328266A4A000DFA1B /* AppDelegate.m */ = {isa = PBXFileReference; lastKnownFileType = sourcecode.c.objc; path = AppDelegate.m; sourceTree = "<group>"; };
		9BFE4FC828266A4A000DFA1B /* ViewController.h */ = {isa = PBXFileReference; lastKnownFileType = sourcecode.c.h; path = ViewController.h; sourceTree = "<group>"; };
		9BFE4FC928266A4A000DFA1B /* ViewController.m */ = {isa = PBXFileReference; lastKnownFileType = sourcecode.c.objc; path = ViewController.m; sourceTree = "<group>"; };
		9BFE4FCC28266A4A000DFA1B /* Base */ = {isa = PBXFileReference; lastKnownFileType = file.storyboard; name = Base; path = Base.lproj/Main.storyboard; sourceTree = "<group>"; };
		9BFE4FCE28266A4C000DFA1B /* Assets.xcassets */ = {isa = PBXFileReference; lastKnownFileType = folder.assetcatalog; path = Assets.xcassets; sourceTree = "<group>"; };
		9BFE4FD128266A4C000DFA1B /* Base */ = {isa = PBXFileReference; lastKnownFileType = file.storyboard; name = Base; path = Base.lproj/LaunchScreen.storyboard; sourceTree = "<group>"; };
		9BFE4FD328266A4C000DFA1B /* Info.plist */ = {isa = PBXFileReference; lastKnownFileType = text.plist.xml; path = Info.plist; sourceTree = "<group>"; };
		9BFE4FD428266A4C000DFA1B /* main.m */ = {isa = PBXFileReference; lastKnownFileType = sourcecode.c.objc; path = main.m; sourceTree = "<group>"; };
		9BFE4FDA28266A4D000DFA1B /* LYSDKDemoTests.xctest */ = {isa = PBXFileReference; explicitFileType = wrapper.cfbundle; includeInIndex = 0; path = LYSDKDemoTests.xctest; sourceTree = BUILT_PRODUCTS_DIR; };
		9BFE4FDE28266A4D000DFA1B /* LYSDKDemoTests.m */ = {isa = PBXFileReference; lastKnownFileType = sourcecode.c.objc; path = LYSDKDemoTests.m; sourceTree = "<group>"; };
		9BFE4FE428266A4D000DFA1B /* LYSDKDemoUITests.xctest */ = {isa = PBXFileReference; explicitFileType = wrapper.cfbundle; includeInIndex = 0; path = LYSDKDemoUITests.xctest; sourceTree = BUILT_PRODUCTS_DIR; };
		9BFE4FE828266A4D000DFA1B /* LYSDKDemoUITests.m */ = {isa = PBXFileReference; lastKnownFileType = sourcecode.c.objc; path = LYSDKDemoUITests.m; sourceTree = "<group>"; };
		9BFE4FEA28266A4D000DFA1B /* LYSDKDemoUITestsLaunchTests.m */ = {isa = PBXFileReference; lastKnownFileType = sourcecode.c.objc; path = LYSDKDemoUITestsLaunchTests.m; sourceTree = "<group>"; };
		9BFE507228266C76000DFA1B /* LYFunctionSDK.xcodeproj */ = {isa = PBXFileReference; lastKnownFileType = "wrapper.pb-project"; name = LYFunctionSDK.xcodeproj; path = ../LYFunctionSDK/LYFunctionSDK.xcodeproj; sourceTree = "<group>"; };
		9BFE507828266C76000DFA1B /* LYMoreFunctionSDK.xcodeproj */ = {isa = PBXFileReference; lastKnownFileType = "wrapper.pb-project"; name = LYMoreFunctionSDK.xcodeproj; path = ../LYMoreFunctionSDK/LYMoreFunctionSDK.xcodeproj; sourceTree = "<group>"; };
/* End PBXFileReference section */

/* Begin PBXFrameworksBuildPhase section */
		9BFE4FBC28266A4A000DFA1B /* Frameworks */ = {
			isa = PBXFrameworksBuildPhase;
			buildActionMask = 2147483647;
			files = (
				9BFE509E28266DD5000DFA1B /* LYFunctionSDK.framework in Frameworks */,
				9BFE50A028266DD5000DFA1B /* LYMoreFunctionSDK.framework in Frameworks */,
			);
			runOnlyForDeploymentPostprocessing = 0;
		};
		9BFE4FD728266A4D000DFA1B /* Frameworks */ = {
			isa = PBXFrameworksBuildPhase;
			buildActionMask = 2147483647;
			files = (
			);
			runOnlyForDeploymentPostprocessing = 0;
		};
		9BFE4FE128266A4D000DFA1B /* Frameworks */ = {
			isa = PBXFrameworksBuildPhase;
			buildActionMask = 2147483647;
			files = (
			);
			runOnlyForDeploymentPostprocessing = 0;
		};
/* End PBXFrameworksBuildPhase section */

/* Begin PBXGroup section */
		9BFE4FB628266A4A000DFA1B = {
			isa = PBXGroup;
			children = (
				9BFE507228266C76000DFA1B /* LYFunctionSDK.xcodeproj */,
				9BFE507828266C76000DFA1B /* LYMoreFunctionSDK.xcodeproj */,
				9BFE4FC128266A4A000DFA1B /* LYSDKDemo */,
				9BFE4FDD28266A4D000DFA1B /* LYSDKDemoTests */,
				9BFE4FE728266A4D000DFA1B /* LYSDKDemoUITests */,
				9BFE4FC028266A4A000DFA1B /* Products */,
				9BFE509D28266DD5000DFA1B /* Frameworks */,
			);
			sourceTree = "<group>";
		};
		9BFE4FC028266A4A000DFA1B /* Products */ = {
			isa = PBXGroup;
			children = (
				9BFE4FBF28266A4A000DFA1B /* LYSDKDemo.app */,
				9BFE4FDA28266A4D000DFA1B /* LYSDKDemoTests.xctest */,
				9BFE4FE428266A4D000DFA1B /* LYSDKDemoUITests.xctest */,
			);
			name = Products;
			sourceTree = "<group>";
		};
		9BFE4FC128266A4A000DFA1B /* LYSDKDemo */ = {
			isa = PBXGroup;
			children = (
				9BFE4FC228266A4A000DFA1B /* AppDelegate.h */,
				9BFE4FC328266A4A000DFA1B /* AppDelegate.m */,
				9BFE4FC828266A4A000DFA1B /* ViewController.h */,
				9BFE4FC928266A4A000DFA1B /* ViewController.m */,
				9BFE4FCB28266A4A000DFA1B /* Main.storyboard */,
				9BFE4FCE28266A4C000DFA1B /* Assets.xcassets */,
				9BFE4FD028266A4C000DFA1B /* LaunchScreen.storyboard */,
				9BFE4FD328266A4C000DFA1B /* Info.plist */,
				9BFE4FD428266A4C000DFA1B /* main.m */,
			);
			path = LYSDKDemo;
			sourceTree = "<group>";
		};
		9BFE4FDD28266A4D000DFA1B /* LYSDKDemoTests */ = {
			isa = PBXGroup;
			children = (
				9BFE4FDE28266A4D000DFA1B /* LYSDKDemoTests.m */,
			);
			path = LYSDKDemoTests;
			sourceTree = "<group>";
		};
		9BFE4FE728266A4D000DFA1B /* LYSDKDemoUITests */ = {
			isa = PBXGroup;
			children = (
				9BFE4FE828266A4D000DFA1B /* LYSDKDemoUITests.m */,
				9BFE4FEA28266A4D000DFA1B /* LYSDKDemoUITestsLaunchTests.m */,
			);
			path = LYSDKDemoUITests;
			sourceTree = "<group>";
		};
		9BFE507328266C76000DFA1B /* Products */ = {
			isa = PBXGroup;
			children = (
				9BFE507728266C76000DFA1B /* LYFunctionSDK.framework */,
			);
			name = Products;
			sourceTree = "<group>";
		};
		9BFE507928266C76000DFA1B /* Products */ = {
			isa = PBXGroup;
			children = (
				9BFE507D28266C76000DFA1B /* LYMoreFunctionSDK.framework */,
			);
			name = Products;
			sourceTree = "<group>";
		};
		9BFE509D28266DD5000DFA1B /* Frameworks */ = {
			isa = PBXGroup;
			children = (
			);
			name = Frameworks;
			sourceTree = "<group>";
		};
/* End PBXGroup section */

/* Begin PBXNativeTarget section */
		9BFE4FBE28266A4A000DFA1B /* LYSDKDemo */ = {
			isa = PBXNativeTarget;
			buildConfigurationList = 9BFE4FEE28266A4D000DFA1B /* Build configuration list for PBXNativeTarget "LYSDKDemo" */;
			buildPhases = (
				9BFE4FBB28266A4A000DFA1B /* Sources */,
				9BFE4FBC28266A4A000DFA1B /* Frameworks */,
				9BFE4FBD28266A4A000DFA1B /* Resources */,
			);
			buildRules = (
			);
			dependencies = (
			);
			name = LYSDKDemo;
			productName = LYSDKDemo;
			productReference = 9BFE4FBF28266A4A000DFA1B /* LYSDKDemo.app */;
			productType = "com.apple.product-type.application";
		};
		9BFE4FD928266A4D000DFA1B /* LYSDKDemoTests */ = {
			isa = PBXNativeTarget;
			buildConfigurationList = 9BFE4FF128266A4D000DFA1B /* Build configuration list for PBXNativeTarget "LYSDKDemoTests" */;
			buildPhases = (
				9BFE4FD628266A4D000DFA1B /* Sources */,
				9BFE4FD728266A4D000DFA1B /* Frameworks */,
				9BFE4FD828266A4D000DFA1B /* Resources */,
			);
			buildRules = (
			);
			dependencies = (
				9BFE4FDC28266A4D000DFA1B /* PBXTargetDependency */,
			);
			name = LYSDKDemoTests;
			productName = LYSDKDemoTests;
			productReference = 9BFE4FDA28266A4D000DFA1B /* LYSDKDemoTests.xctest */;
			productType = "com.apple.product-type.bundle.unit-test";
		};
		9BFE4FE328266A4D000DFA1B /* LYSDKDemoUITests */ = {
			isa = PBXNativeTarget;
			buildConfigurationList = 9BFE4FF428266A4D000DFA1B /* Build configuration list for PBXNativeTarget "LYSDKDemoUITests" */;
			buildPhases = (
				9BFE4FE028266A4D000DFA1B /* Sources */,
				9BFE4FE128266A4D000DFA1B /* Frameworks */,
				9BFE4FE228266A4D000DFA1B /* Resources */,
			);
			buildRules = (
			);
			dependencies = (
				9BFE4FE628266A4D000DFA1B /* PBXTargetDependency */,
			);
			name = LYSDKDemoUITests;
			productName = LYSDKDemoUITests;
			productReference = 9BFE4FE428266A4D000DFA1B /* LYSDKDemoUITests.xctest */;
			productType = "com.apple.product-type.bundle.ui-testing";
		};
/* End PBXNativeTarget section */

/* Begin PBXProject section */
		9BFE4FB728266A4A000DFA1B /* Project object */ = {
			isa = PBXProject;
			attributes = {
				BuildIndependentTargetsInParallel = 1;
				LastUpgradeCheck = 1330;
				TargetAttributes = {
					9BFE4FBE28266A4A000DFA1B = {
						CreatedOnToolsVersion = 13.3.1;
					};
					9BFE4FD928266A4D000DFA1B = {
						CreatedOnToolsVersion = 13.3.1;
						TestTargetID = 9BFE4FBE28266A4A000DFA1B;
					};
					9BFE4FE328266A4D000DFA1B = {
						CreatedOnToolsVersion = 13.3.1;
						TestTargetID = 9BFE4FBE28266A4A000DFA1B;
					};
				};
			};
			buildConfigurationList = 9BFE4FBA28266A4A000DFA1B /* Build configuration list for PBXProject "LYSDKDemo" */;
			compatibilityVersion = "Xcode 13.0";
			developmentRegion = en;
			hasScannedForEncodings = 0;
			knownRegions = (
				en,
				Base,
			);
			mainGroup = 9BFE4FB628266A4A000DFA1B;
			productRefGroup = 9BFE4FC028266A4A000DFA1B /* Products */;
			projectDirPath = "";
			projectReferences = (
				{
					ProductGroup = 9BFE507328266C76000DFA1B /* Products */;
					ProjectRef = 9BFE507228266C76000DFA1B /* LYFunctionSDK.xcodeproj */;
				},
				{
					ProductGroup = 9BFE507928266C76000DFA1B /* Products */;
					ProjectRef = 9BFE507828266C76000DFA1B /* LYMoreFunctionSDK.xcodeproj */;
				},
			);
			projectRoot = "";
			targets = (
				9BFE4FBE28266A4A000DFA1B /* LYSDKDemo */,
				9BFE4FD928266A4D000DFA1B /* LYSDKDemoTests */,
				9BFE4FE328266A4D000DFA1B /* LYSDKDemoUITests */,
			);
		};
/* End PBXProject section */

/* Begin PBXReferenceProxy section */
		9BFE507728266C76000DFA1B /* LYFunctionSDK.framework */ = {
			isa = PBXReferenceProxy;
			fileType = wrapper.framework;
			path = LYFunctionSDK.framework;
			remoteRef = 9BFE507628266C76000DFA1B /* PBXContainerItemProxy */;
			sourceTree = BUILT_PRODUCTS_DIR;
		};
		9BFE507D28266C76000DFA1B /* LYMoreFunctionSDK.framework */ = {
			isa = PBXReferenceProxy;
			fileType = wrapper.framework;
			path = LYMoreFunctionSDK.framework;
			remoteRef = 9BFE507C28266C76000DFA1B /* PBXContainerItemProxy */;
			sourceTree = BUILT_PRODUCTS_DIR;
		};
/* End PBXReferenceProxy section */

/* Begin PBXResourcesBuildPhase section */
		9BFE4FBD28266A4A000DFA1B /* Resources */ = {
			isa = PBXResourcesBuildPhase;
			buildActionMask = 2147483647;
			files = (
				9BFE4FD228266A4C000DFA1B /* LaunchScreen.storyboard in Resources */,
				9BFE4FCF28266A4C000DFA1B /* Assets.xcassets in Resources */,
				9BFE4FCD28266A4A000DFA1B /* Main.storyboard in Resources */,
			);
			runOnlyForDeploymentPostprocessing = 0;
		};
		9BFE4FD828266A4D000DFA1B /* Resources */ = {
			isa = PBXResourcesBuildPhase;
			buildActionMask = 2147483647;
			files = (
			);
			runOnlyForDeploymentPostprocessing = 0;
		};
		9BFE4FE228266A4D000DFA1B /* Resources */ = {
			isa = PBXResourcesBuildPhase;
			buildActionMask = 2147483647;
			files = (
			);
			runOnlyForDeploymentPostprocessing = 0;
		};
/* End PBXResourcesBuildPhase section */

/* Begin PBXSourcesBuildPhase section */
		9BFE4FBB28266A4A000DFA1B /* Sources */ = {
			isa = PBXSourcesBuildPhase;
			buildActionMask = 2147483647;
			files = (
				9BFE4FCA28266A4A000DFA1B /* ViewController.m in Sources */,
				9BFE4FC428266A4A000DFA1B /* AppDelegate.m in Sources */,
				9BFE4FD528266A4C000DFA1B /* main.m in Sources */,
			);
			runOnlyForDeploymentPostprocessing = 0;
		};
		9BFE4FD628266A4D000DFA1B /* Sources */ = {
			isa = PBXSourcesBuildPhase;
			buildActionMask = 2147483647;
			files = (
				9BFE4FDF28266A4D000DFA1B /* LYSDKDemoTests.m in Sources */,
			);
			runOnlyForDeploymentPostprocessing = 0;
		};
		9BFE4FE028266A4D000DFA1B /* Sources */ = {
			isa = PBXSourcesBuildPhase;
			buildActionMask = 2147483647;
			files = (
				9BFE4FE928266A4D000DFA1B /* LYSDKDemoUITests.m in Sources */,
				9BFE4FEB28266A4D000DFA1B /* LYSDKDemoUITestsLaunchTests.m in Sources */,
			);
			runOnlyForDeploymentPostprocessing = 0;
		};
/* End PBXSourcesBuildPhase section */

/* Begin PBXTargetDependency section */
		9BFE4FDC28266A4D000DFA1B /* PBXTargetDependency */ = {
			isa = PBXTargetDependency;
			target = 9BFE4FBE28266A4A000DFA1B /* LYSDKDemo */;
			targetProxy = 9BFE4FDB28266A4D000DFA1B /* PBXContainerItemProxy */;
		};
		9BFE4FE628266A4D000DFA1B /* PBXTargetDependency */ = {
			isa = PBXTargetDependency;
			target = 9BFE4FBE28266A4A000DFA1B /* LYSDKDemo */;
			targetProxy = 9BFE4FE528266A4D000DFA1B /* PBXContainerItemProxy */;
		};
/* End PBXTargetDependency section */

/* Begin PBXVariantGroup section */
		9BFE4FCB28266A4A000DFA1B /* Main.storyboard */ = {
			isa = PBXVariantGroup;
			children = (
				9BFE4FCC28266A4A000DFA1B /* Base */,
			);
			name = Main.storyboard;
			sourceTree = "<group>";
		};
		9BFE4FD028266A4C000DFA1B /* LaunchScreen.storyboard */ = {
			isa = PBXVariantGroup;
			children = (
				9BFE4FD128266A4C000DFA1B /* Base */,
			);
			name = LaunchScreen.storyboard;
			sourceTree = "<group>";
		};
/* End PBXVariantGroup section */

/* Begin XCBuildConfiguration section */
		9BFE4FEC28266A4D000DFA1B /* Debug */ = {
			isa = XCBuildConfiguration;
			buildSettings = {
				ALWAYS_SEARCH_USER_PATHS = NO;
				CLANG_ANALYZER_NONNULL = YES;
				CLANG_ANALYZER_NUMBER_OBJECT_CONVERSION = YES_AGGRESSIVE;
				CLANG_CXX_LANGUAGE_STANDARD = "gnu++17";
				CLANG_ENABLE_MODULES = YES;
				CLANG_ENABLE_OBJC_ARC = YES;
				CLANG_ENABLE_OBJC_WEAK = YES;
				CLANG_WARN_BLOCK_CAPTURE_AUTORELEASING = YES;
				CLANG_WARN_BOOL_CONVERSION = YES;
				CLANG_WARN_COMMA = YES;
				CLANG_WARN_CONSTANT_CONVERSION = YES;
				CLANG_WARN_DEPRECATED_OBJC_IMPLEMENTATIONS = YES;
				CLANG_WARN_DIRECT_OBJC_ISA_USAGE = YES_ERROR;
				CLANG_WARN_DOCUMENTATION_COMMENTS = YES;
				CLANG_WARN_EMPTY_BODY = YES;
				CLANG_WARN_ENUM_CONVERSION = YES;
				CLANG_WARN_INFINITE_RECURSION = YES;
				CLANG_WARN_INT_CONVERSION = YES;
				CLANG_WARN_NON_LITERAL_NULL_CONVERSION = YES;
				CLANG_WARN_OBJC_IMPLICIT_RETAIN_SELF = YES;
				CLANG_WARN_OBJC_LITERAL_CONVERSION = YES;
				CLANG_WARN_OBJC_ROOT_CLASS = YES_ERROR;
				CLANG_WARN_QUOTED_INCLUDE_IN_FRAMEWORK_HEADER = YES;
				CLANG_WARN_RANGE_LOOP_ANALYSIS = YES;
				CLANG_WARN_STRICT_PROTOTYPES = YES;
				CLANG_WARN_SUSPICIOUS_MOVE = YES;
				CLANG_WARN_UNGUARDED_AVAILABILITY = YES_AGGRESSIVE;
				CLANG_WARN_UNREACHABLE_CODE = YES;
				CLANG_WARN__DUPLICATE_METHOD_MATCH = YES;
				COPY_PHASE_STRIP = NO;
				DEBUG_INFORMATION_FORMAT = dwarf;
				ENABLE_STRICT_OBJC_MSGSEND = YES;
				ENABLE_TESTABILITY = YES;
				GCC_C_LANGUAGE_STANDARD = gnu11;
				GCC_DYNAMIC_NO_PIC = NO;
				GCC_NO_COMMON_BLOCKS = YES;
				GCC_OPTIMIZATION_LEVEL = 0;
				GCC_PREPROCESSOR_DEFINITIONS = (
					"DEBUG=1",
					"$(inherited)",
				);
				GCC_WARN_64_TO_32_BIT_CONVERSION = YES;
				GCC_WARN_ABOUT_RETURN_TYPE = YES_ERROR;
				GCC_WARN_UNDECLARED_SELECTOR = YES;
				GCC_WARN_UNINITIALIZED_AUTOS = YES_AGGRESSIVE;
				GCC_WARN_UNUSED_FUNCTION = YES;
				GCC_WARN_UNUSED_VARIABLE = YES;
				IPHONEOS_DEPLOYMENT_TARGET = 15.4;
				MTL_ENABLE_DEBUG_INFO = INCLUDE_SOURCE;
				MTL_FAST_MATH = YES;
				ONLY_ACTIVE_ARCH = YES;
				SDKROOT = iphoneos;
			};
			name = Debug;
		};
		9BFE4FED28266A4D000DFA1B /* Release */ = {
			isa = XCBuildConfiguration;
			buildSettings = {
				ALWAYS_SEARCH_USER_PATHS = NO;
				CLANG_ANALYZER_NONNULL = YES;
				CLANG_ANALYZER_NUMBER_OBJECT_CONVERSION = YES_AGGRESSIVE;
				CLANG_CXX_LANGUAGE_STANDARD = "gnu++17";
				CLANG_ENABLE_MODULES = YES;
				CLANG_ENABLE_OBJC_ARC = YES;
				CLANG_ENABLE_OBJC_WEAK = YES;
				CLANG_WARN_BLOCK_CAPTURE_AUTORELEASING = YES;
				CLANG_WARN_BOOL_CONVERSION = YES;
				CLANG_WARN_COMMA = YES;
				CLANG_WARN_CONSTANT_CONVERSION = YES;
				CLANG_WARN_DEPRECATED_OBJC_IMPLEMENTATIONS = YES;
				CLANG_WARN_DIRECT_OBJC_ISA_USAGE = YES_ERROR;
				CLANG_WARN_DOCUMENTATION_COMMENTS = YES;
				CLANG_WARN_EMPTY_BODY = YES;
				CLANG_WARN_ENUM_CONVERSION = YES;
				CLANG_WARN_INFINITE_RECURSION = YES;
				CLANG_WARN_INT_CONVERSION = YES;
				CLANG_WARN_NON_LITERAL_NULL_CONVERSION = YES;
				CLANG_WARN_OBJC_IMPLICIT_RETAIN_SELF = YES;
				CLANG_WARN_OBJC_LITERAL_CONVERSION = YES;
				CLANG_WARN_OBJC_ROOT_CLASS = YES_ERROR;
				CLANG_WARN_QUOTED_INCLUDE_IN_FRAMEWORK_HEADER = YES;
				CLANG_WARN_RANGE_LOOP_ANALYSIS = YES;
				CLANG_WARN_STRICT_PROTOTYPES = YES;
				CLANG_WARN_SUSPICIOUS_MOVE = YES;
				CLANG_WARN_UNGUARDED_AVAILABILITY = YES_AGGRESSIVE;
				CLANG_WARN_UNREACHABLE_CODE = YES;
				CLANG_WARN__DUPLICATE_METHOD_MATCH = YES;
				COPY_PHASE_STRIP = NO;
				DEBUG_INFORMATION_FORMAT = "dwarf-with-dsym";
				ENABLE_NS_ASSERTIONS = NO;
				ENABLE_STRICT_OBJC_MSGSEND = YES;
				GCC_C_LANGUAGE_STANDARD = gnu11;
				GCC_NO_COMMON_BLOCKS = YES;
				GCC_WARN_64_TO_32_BIT_CONVERSION = YES;
				GCC_WARN_ABOUT_RETURN_TYPE = YES_ERROR;
				GCC_WARN_UNDECLARED_SELECTOR = YES;
				GCC_WARN_UNINITIALIZED_AUTOS = YES_AGGRESSIVE;
				GCC_WARN_UNUSED_FUNCTION = YES;
				GCC_WARN_UNUSED_VARIABLE = YES;
				IPHONEOS_DEPLOYMENT_TARGET = 15.4;
				MTL_ENABLE_DEBUG_INFO = NO;
				MTL_FAST_MATH = YES;
				SDKROOT = iphoneos;
				VALIDATE_PRODUCT = YES;
			};
			name = Release;
		};
		9BFE4FEF28266A4D000DFA1B /* Debug */ = {
			isa = XCBuildConfiguration;
			buildSettings = {
				ASSETCATALOG_COMPILER_APPICON_NAME = AppIcon;
				ASSETCATALOG_COMPILER_GLOBAL_ACCENT_COLOR_NAME = AccentColor;
				CODE_SIGN_STYLE = Automatic;
				CURRENT_PROJECT_VERSION = 1;
				DEVELOPMENT_TEAM = BHD34642BX;
				GENERATE_INFOPLIST_FILE = YES;
				INFOPLIST_FILE = LYSDKDemo/Info.plist;
				INFOPLIST_KEY_UIApplicationSupportsIndirectInputEvents = YES;
				INFOPLIST_KEY_UILaunchStoryboardName = LaunchScreen;
				INFOPLIST_KEY_UIMainStoryboardFile = Main;
				INFOPLIST_KEY_UISupportedInterfaceOrientations = UIInterfaceOrientationPortrait;
				INFOPLIST_KEY_UISupportedInterfaceOrientations_iPad = "UIInterfaceOrientationPortrait UIInterfaceOrientationPortraitUpsideDown UIInterfaceOrientationLandscapeLeft UIInterfaceOrientationLandscapeRight";
				INFOPLIST_KEY_UISupportedInterfaceOrientations_iPhone = "UIInterfaceOrientationPortrait UIInterfaceOrientationLandscapeLeft UIInterfaceOrientationLandscapeRight";
				IPHONEOS_DEPLOYMENT_TARGET = 11.0;
				LD_RUNPATH_SEARCH_PATHS = (
					"$(inherited)",
					"@executable_path/Frameworks",
				);
				MARKETING_VERSION = 1.0;
				PRODUCT_BUNDLE_IDENTIFIER = com.LYSDKDemo;
				PRODUCT_NAME = "$(TARGET_NAME)";
				SWIFT_EMIT_LOC_STRINGS = YES;
				TARGETED_DEVICE_FAMILY = 1;
			};
			name = Debug;
		};
		9BFE4FF028266A4D000DFA1B /* Release */ = {
			isa = XCBuildConfiguration;
			buildSettings = {
				ASSETCATALOG_COMPILER_APPICON_NAME = AppIcon;
				ASSETCATALOG_COMPILER_GLOBAL_ACCENT_COLOR_NAME = AccentColor;
				CODE_SIGN_STYLE = Automatic;
				CURRENT_PROJECT_VERSION = 1;
				DEVELOPMENT_TEAM = BHD34642BX;
				GENERATE_INFOPLIST_FILE = YES;
				INFOPLIST_FILE = LYSDKDemo/Info.plist;
				INFOPLIST_KEY_UIApplicationSupportsIndirectInputEvents = YES;
				INFOPLIST_KEY_UILaunchStoryboardName = LaunchScreen;
				INFOPLIST_KEY_UIMainStoryboardFile = Main;
				INFOPLIST_KEY_UISupportedInterfaceOrientations = UIInterfaceOrientationPortrait;
				INFOPLIST_KEY_UISupportedInterfaceOrientations_iPad = "UIInterfaceOrientationPortrait UIInterfaceOrientationPortraitUpsideDown UIInterfaceOrientationLandscapeLeft UIInterfaceOrientationLandscapeRight";
				INFOPLIST_KEY_UISupportedInterfaceOrientations_iPhone = "UIInterfaceOrientationPortrait UIInterfaceOrientationLandscapeLeft UIInterfaceOrientationLandscapeRight";
				IPHONEOS_DEPLOYMENT_TARGET = 11.0;
				LD_RUNPATH_SEARCH_PATHS = (
					"$(inherited)",
					"@executable_path/Frameworks",
				);
				MARKETING_VERSION = 1.0;
				PRODUCT_BUNDLE_IDENTIFIER = com.LYSDKDemo;
				PRODUCT_NAME = "$(TARGET_NAME)";
				SWIFT_EMIT_LOC_STRINGS = YES;
				TARGETED_DEVICE_FAMILY = 1;
			};
			name = Release;
		};
		9BFE4FF228266A4D000DFA1B /* Debug */ = {
			isa = XCBuildConfiguration;
			buildSettings = {
				BUNDLE_LOADER = "$(TEST_HOST)";
				CODE_SIGN_STYLE = Automatic;
				CURRENT_PROJECT_VERSION = 1;
				GENERATE_INFOPLIST_FILE = YES;
				IPHONEOS_DEPLOYMENT_TARGET = 15.4;
				MARKETING_VERSION = 1.0;
				PRODUCT_BUNDLE_IDENTIFIER = com.LYSDKDemoTests;
				PRODUCT_NAME = "$(TARGET_NAME)";
				SWIFT_EMIT_LOC_STRINGS = NO;
				TARGETED_DEVICE_FAMILY = "1,2";
				TEST_HOST = "$(BUILT_PRODUCTS_DIR)/LYSDKDemo.app/LYSDKDemo";
			};
			name = Debug;
		};
		9BFE4FF328266A4D000DFA1B /* Release */ = {
			isa = XCBuildConfiguration;
			buildSettings = {
				BUNDLE_LOADER = "$(TEST_HOST)";
				CODE_SIGN_STYLE = Automatic;
				CURRENT_PROJECT_VERSION = 1;
				GENERATE_INFOPLIST_FILE = YES;
				IPHONEOS_DEPLOYMENT_TARGET = 15.4;
				MARKETING_VERSION = 1.0;
				PRODUCT_BUNDLE_IDENTIFIER = com.LYSDKDemoTests;
				PRODUCT_NAME = "$(TARGET_NAME)";
				SWIFT_EMIT_LOC_STRINGS = NO;
				TARGETED_DEVICE_FAMILY = "1,2";
				TEST_HOST = "$(BUILT_PRODUCTS_DIR)/LYSDKDemo.app/LYSDKDemo";
			};
			name = Release;
		};
		9BFE4FF528266A4D000DFA1B /* Debug */ = {
			isa = XCBuildConfiguration;
			buildSettings = {
				CODE_SIGN_STYLE = Automatic;
				CURRENT_PROJECT_VERSION = 1;
				GENERATE_INFOPLIST_FILE = YES;
				MARKETING_VERSION = 1.0;
				PRODUCT_BUNDLE_IDENTIFIER = com.LYSDKDemoUITests;
				PRODUCT_NAME = "$(TARGET_NAME)";
				SWIFT_EMIT_LOC_STRINGS = NO;
				TARGETED_DEVICE_FAMILY = "1,2";
				TEST_TARGET_NAME = LYSDKDemo;
			};
			name = Debug;
		};
		9BFE4FF628266A4D000DFA1B /* Release */ = {
			isa = XCBuildConfiguration;
			buildSettings = {
				CODE_SIGN_STYLE = Automatic;
				CURRENT_PROJECT_VERSION = 1;
				GENERATE_INFOPLIST_FILE = YES;
				MARKETING_VERSION = 1.0;
				PRODUCT_BUNDLE_IDENTIFIER = com.LYSDKDemoUITests;
				PRODUCT_NAME = "$(TARGET_NAME)";
				SWIFT_EMIT_LOC_STRINGS = NO;
				TARGETED_DEVICE_FAMILY = "1,2";
				TEST_TARGET_NAME = LYSDKDemo;
			};
			name = Release;
		};
/* End XCBuildConfiguration section */

/* Begin XCConfigurationList section */
		9BFE4FBA28266A4A000DFA1B /* Build configuration list for PBXProject "LYSDKDemo" */ = {
			isa = XCConfigurationList;
			buildConfigurations = (
				9BFE4FEC28266A4D000DFA1B /* Debug */,
				9BFE4FED28266A4D000DFA1B /* Release */,
			);
			defaultConfigurationIsVisible = 0;
			defaultConfigurationName = Release;
		};
		9BFE4FEE28266A4D000DFA1B /* Build configuration list for PBXNativeTarget "LYSDKDemo" */ = {
			isa = XCConfigurationList;
			buildConfigurations = (
				9BFE4FEF28266A4D000DFA1B /* Debug */,
				9BFE4FF028266A4D000DFA1B /* Release */,
			);
			defaultConfigurationIsVisible = 0;
			defaultConfigurationName = Release;
		};
		9BFE4FF128266A4D000DFA1B /* Build configuration list for PBXNativeTarget "LYSDKDemoTests" */ = {
			isa = XCConfigurationList;
			buildConfigurations = (
				9BFE4FF228266A4D000DFA1B /* Debug */,
				9BFE4FF328266A4D000DFA1B /* Release */,
			);
			defaultConfigurationIsVisible = 0;
			defaultConfigurationName = Release;
		};
		9BFE4FF428266A4D000DFA1B /* Build configuration list for PBXNativeTarget "LYSDKDemoUITests" */ = {
			isa = XCConfigurationList;
			buildConfigurations = (
				9BFE4FF528266A4D000DFA1B /* Debug */,
				9BFE4FF628266A4D000DFA1B /* Release */,
			);
			defaultConfigurationIsVisible = 0;
			defaultConfigurationName = Release;
		};
/* End XCConfigurationList section */
	};
	rootObject = 9BFE4FB728266A4A000DFA1B /* Project object */;
}
